// !$*UTF8*$!
{
	archiveVersion = 1;
	classes = {
	};
	objectVersion = 48;
	objects = {

/* Begin PBXBuildFile section */
		7BEBAFDA1FE8B3BA002EAEB1 /* AppDelegate.swift in Sources */ = {isa = PBXBuildFile; fileRef = 7BEBAFD91FE8B3BA002EAEB1 /* AppDelegate.swift */; };
		7BEBAFDC1FE8B3BA002EAEB1 /* ViewController.swift in Sources */ = {isa = PBXBuildFile; fileRef = 7BEBAFDB1FE8B3BA002EAEB1 /* ViewController.swift */; };
		7BEBAFDF1FE8B3BA002EAEB1 /* Main.storyboard in Resources */ = {isa = PBXBuildFile; fileRef = 7BEBAFDD1FE8B3BA002EAEB1 /* Main.storyboard */; };
		7BEBAFE11FE8B3BA002EAEB1 /* Assets.xcassets in Resources */ = {isa = PBXBuildFile; fileRef = 7BEBAFE01FE8B3BA002EAEB1 /* Assets.xcassets */; };
		7BEBAFE41FE8B3BA002EAEB1 /* LaunchScreen.storyboard in Resources */ = {isa = PBXBuildFile; fileRef = 7BEBAFE21FE8B3BA002EAEB1 /* LaunchScreen.storyboard */; };
/* End PBXBuildFile section */

/* Begin PBXFileReference section */
		7BEBAFD61FE8B3BA002EAEB1 /* core_animation.app */ = {isa = PBXFileReference; explicitFileType = wrapper.application; includeInIndex = 0; path = core_animation.app; sourceTree = BUILT_PRODUCTS_DIR; };
		7BEBAFD91FE8B3BA002EAEB1 /* AppDelegate.swift */ = {isa = PBXFileReference; lastKnownFileType = sourcecode.swift; path = AppDelegate.swift; sourceTree = "<group>"; };
		7BEBAFDB1FE8B3BA002EAEB1 /* ViewController.swift */ = {isa = PBXFileReference; lastKnownFileType = sourcecode.swift; path = ViewController.swift; sourceTree = "<group>"; };
		7BEBAFDE1FE8B3BA002EAEB1 /* Base */ = {isa = PBXFileReference; lastKnownFileType = file.storyboard; name = Base; path = Base.lproj/Main.storyboard; sourceTree = "<group>"; };
		7BEBAFE01FE8B3BA002EAEB1 /* Assets.xcassets */ = {isa = PBXFileReference; lastKnownFileType = folder.assetcatalog; path = Assets.xcassets; sourceTree = "<group>"; };
		7BEBAFE31FE8B3BA002EAEB1 /* Base */ = {isa = PBXFileReference; lastKnownFileType = file.storyboard; name = Base; path = Base.lproj/LaunchScreen.storyboard; sourceTree = "<group>"; };
		7BEBAFE51FE8B3BA002EAEB1 /* Info.plist */ = {isa = PBXFileReference; lastKnownFileType = text.plist.xml; path = Info.plist; sourceTree = "<group>"; };
/* End PBXFileReference section */

/* Begin PBXFrameworksBuildPhase section */
		7BEBAFD31FE8B3BA002EAEB1 /* Frameworks */ = {
			isa = PBXFrameworksBuildPhase;
			buildActionMask = 2147483647;
			files = (
			);
			runOnlyForDeploymentPostprocessing = 0;
		};
/* End PBXFrameworksBuildPhase section */

/* Begin PBXGroup section */
		7BEBAFCD1FE8B3BA002EAEB1 = {
			isa = PBXGroup;
			children = (
				7BEBAFD81FE8B3BA002EAEB1 /* core_animation */,
				7BEBAFD71FE8B3BA002EAEB1 /* Products */,
			);
			sourceTree = "<group>";
		};
		7BEBAFD71FE8B3BA002EAEB1 /* Products */ = {
			isa = PBXGroup;
			children = (
				7BEBAFD61FE8B3BA002EAEB1 /* core_animation.app */,
			);
			name = Products;
			sourceTree = "<group>";
		};
		7BEBAFD81FE8B3BA002EAEB1 /* core_animation */ = {
			isa = PBXGroup;
			children = (
				7BEBAFDB1FE8B3BA002EAEB1 /* ViewController.swift */,
				7BEBAFD91FE8B3BA002EAEB1 /* AppDelegate.swift */,
				7BEBAFDD1FE8B3BA002EAEB1 /* Main.storyboard */,
				7BEBAFE01FE8B3BA002EAEB1 /* Assets.xcassets */,
				7BEBAFE21FE8B3BA002EAEB1 /* LaunchScreen.storyboard */,
				7BEBAFE51FE8B3BA002EAEB1 /* Info.plist */,
			);
			path = core_animation;
			sourceTree = "<group>";
		};
/* End PBXGroup section */

/* Begin PBXNativeTarget section */
		7BEBAFD51FE8B3BA002EAEB1 /* core_animation */ = {
			isa = PBXNativeTarget;
			buildConfigurationList = 7BEBAFE81FE8B3BA002EAEB1 /* Build configuration list for PBXNativeTarget "core_animation" */;
			buildPhases = (
				7BEBAFD21FE8B3BA002EAEB1 /* Sources */,
				7BEBAFD31FE8B3BA002EAEB1 /* Frameworks */,
				7BEBAFD41FE8B3BA002EAEB1 /* Resources */,
			);
			buildRules = (
			);
			dependencies = (
			);
			name = core_animation;
			productName = core_animation;
			productReference = 7BEBAFD61FE8B3BA002EAEB1 /* core_animation.app */;
			productType = "com.apple.product-type.application";
		};
/* End PBXNativeTarget section */

/* Begin PBXProject section */
		7BEBAFCE1FE8B3BA002EAEB1 /* Project object */ = {
			isa = PBXProject;
			attributes = {
				LastSwiftUpdateCheck = 0920;
				LastUpgradeCheck = 0920;
				ORGANIZATIONNAME = "Qichen Huang";
				TargetAttributes = {
					7BEBAFD51FE8B3BA002EAEB1 = {
						CreatedOnToolsVersion = 9.2;
						ProvisioningStyle = Automatic;
					};
				};
			};
			buildConfigurationList = 7BEBAFD11FE8B3BA002EAEB1 /* Build configuration list for PBXProject "core_animation" */;
			compatibilityVersion = "Xcode 8.0";
			developmentRegion = en;
			hasScannedForEncodings = 0;
			knownRegions = (
				en,
				Base,
			);
			mainGroup = 7BEBAFCD1FE8B3BA002EAEB1;
			productRefGroup = 7BEBAFD71FE8B3BA002EAEB1 /* Products */;
			projectDirPath = "";
			projectRoot = "";
			targets = (
				7BEBAFD51FE8B3BA002EAEB1 /* core_animation */,
			);
		};
/* End PBXProject section */

/* Begin PBXResourcesBuildPhase section */
		7BEBAFD41FE8B3BA002EAEB1 /* Resources */ = {
			isa = PBXResourcesBuildPhase;
			buildActionMask = 2147483647;
			files = (
				7BEBAFE41FE8B3BA002EAEB1 /* LaunchScreen.storyboard in Resources */,
				7BEBAFE11FE8B3BA002EAEB1 /* Assets.xcassets in Resources */,
				7BEBAFDF1FE8B3BA002EAEB1 /* Main.storyboard in Resources */,
			);
			runOnlyForDeploymentPostprocessing = 0;
		};
/* End PBXResourcesBuildPhase section */

/* Begin PBXSourcesBuildPhase section */
		7BEBAFD21FE8B3BA002EAEB1 /* Sources */ = {
			isa = PBXSourcesBuildPhase;
			buildActionMask = 2147483647;
			files = (
				7BEBAFDC1FE8B3BA002EAEB1 /* ViewController.swift in Sources */,
				7BEBAFDA1FE8B3BA002EAEB1 /* AppDelegate.swift in Sources */,
			);
			runOnlyForDeploymentPostprocessing = 0;
		};
/* End PBXSourcesBuildPhase section */

/* Begin PBXVariantGroup section */
		7BEBAFDD1FE8B3BA002EAEB1 /* Main.storyboard */ = {
			isa = PBXVariantGroup;
			children = (
				7BEBAFDE1FE8B3BA002EAEB1 /* Base */,
			);
			name = Main.storyboard;
			sourceTree = "<group>";
		};
		7BEBAFE21FE8B3BA002EAEB1 /* LaunchScreen.storyboard */ = {
			isa = PBXVariantGroup;
			children = (
				7BEBAFE31FE8B3BA002EAEB1 /* Base */,
			);
			name = LaunchScreen.storyboard;
			sourceTree = "<group>";
		};
/* End PBXVariantGroup section */

/* Begin XCBuildConfiguration section */
		7BEBAFE61FE8B3BA002EAEB1 /* Debug */ = {
			isa = XCBuildConfiguration;
			buildSettings = {
				ALWAYS_SEARCH_USER_PATHS = NO;
				CLANG_ANALYZER_NONNULL = YES;
				CLANG_ANALYZER_NUMBER_OBJECT_CONVERSION = YES_AGGRESSIVE;
				CLANG_CXX_LANGUAGE_STANDARD = "gnu++14";
				CLANG_CXX_LIBRARY = "libc++";
				CLANG_ENABLE_MODULES = YES;
				CLANG_ENABLE_OBJC_ARC = YES;
				CLANG_WARN_BLOCK_CAPTURE_AUTORELEASING = YES;
				CLANG_WARN_BOOL_CONVERSION = YES;
				CLANG_WARN_COMMA = YES;
				CLANG_WARN_CONSTANT_CONVERSION = YES;
				CLANG_WARN_DIRECT_OBJC_ISA_USAGE = YES_ERROR;
				CLANG_WARN_DOCUMENTATION_COMMENTS = YES;
				CLANG_WARN_EMPTY_BODY = YES;
				CLANG_WARN_ENUM_CONVERSION = YES;
				CLANG_WARN_INFINITE_RECURSION = YES;
				CLANG_WARN_INT_CONVERSION = YES;
				CLANG_WARN_NON_LITERAL_NULL_CONVERSION = YES;
				CLANG_WARN_OBJC_LITERAL_CONVERSION = YES;
				CLANG_WARN_OBJC_ROOT_CLASS = YES_ERROR;
				CLANG_WARN_RANGE_LOOP_ANALYSIS = YES;
				CLANG_WARN_STRICT_PROTOTYPES = YES;
				CLANG_WARN_SUSPICIOUS_MOVE = YES;
				CLANG_WARN_UNGUARDED_AVAILABILITY = YES_AGGRESSIVE;
				CLANG_WARN_UNREACHABLE_CODE = YES;
				CLANG_WARN__DUPLICATE_METHOD_MATCH = YES;
				CODE_SIGN_IDENTITY = "iPhone Developer";
				COPY_PHASE_STRIP = NO;
				DEBUG_INFORMATION_FORMAT = dwarf;
				ENABLE_STRICT_OBJC_MSGSEND = YES;
				ENABLE_TESTABILITY = YES;
				GCC_C_LANGUAGE_STANDARD = gnu11;
				GCC_DYNAMIC_NO_PIC = NO;
				GCC_NO_COMMON_BLOCKS = YES;
				GCC_OPTIMIZATION_LEVEL = 0;
				GCC_PREPROCESSOR_DEFINITIONS = (
					"DEBUG=1",
					"$(inherited)",
				);
				GCC_WARN_64_TO_32_BIT_CONVERSION = YES;
				GCC_WARN_ABOUT_RETURN_TYPE = YES_ERROR;
				GCC_WARN_UNDECLARED_SELECTOR = YES;
				GCC_WARN_UNINITIALIZED_AUTOS = YES_AGGRESSIVE;
				GCC_WARN_UNUSED_FUNCTION = YES;
				GCC_WARN_UNUSED_VARIABLE = YES;
				IPHONEOS_DEPLOYMENT_TARGET = 11.2;
				MTL_ENABLE_DEBUG_INFO = YES;
				ONLY_ACTIVE_ARCH = YES;
				SDKROOT = iphoneos;
				SWIFT_ACTIVE_COMPILATION_CONDITIONS = DEBUG;
				SWIFT_OPTIMIZATION_LEVEL = "-Onone";
			};
			name = Debug;
		};
		7BEBAFE71FE8B3BA002EAEB1 /* Release */ = {
			isa = XCBuildConfiguration;
			buildSettings = {
				ALWAYS_SEARCH_USER_PATHS = NO;
				CLANG_ANALYZER_NONNULL = YES;
				CLANG_ANALYZER_NUMBER_OBJECT_CONVERSION = YES_AGGRESSIVE;
				CLANG_CXX_LANGUAGE_STANDARD = "gnu++14";
				CLANG_CXX_LIBRARY = "libc++";
				CLANG_ENABLE_MODULES = YES;
				CLANG_ENABLE_OBJC_ARC = YES;
				CLANG_WARN_BLOCK_CAPTURE_AUTORELEASING = YES;
				CLANG_WARN_BOOL_CONVERSION = YES;
				CLANG_WARN_COMMA = YES;
				CLANG_WARN_CONSTANT_CONVERSION = YES;
				CLANG_WARN_DIRECT_OBJC_ISA_USAGE = YES_ERROR;
				CLANG_WARN_DOCUMENTATION_COMMENTS = YES;
				CLANG_WARN_EMPTY_BODY = YES;
				CLANG_WARN_ENUM_CONVERSION = YES;
				CLANG_WARN_INFINITE_RECURSION = YES;
				CLANG_WARN_INT_CONVERSION = YES;
				CLANG_WARN_NON_LITERAL_NULL_CONVERSION = YES;
				CLANG_WARN_OBJC_LITERAL_CONVERSION = YES;
				CLANG_WARN_OBJC_ROOT_CLASS = YES_ERROR;
				CLANG_WARN_RANGE_LOOP_ANALYSIS = YES;
				CLANG_WARN_STRICT_PROTOTYPES = YES;
				CLANG_WARN_SUSPICIOUS_MOVE = YES;
				CLANG_WARN_UNGUARDED_AVAILABILITY = YES_AGGRESSIVE;
				CLANG_WARN_UNREACHABLE_CODE = YES;
				CLANG_WARN__DUPLICATE_METHOD_MATCH = YES;
				CODE_SIGN_IDENTITY = "iPhone Developer";
				COPY_PHASE_STRIP = NO;
				DEBUG_INFORMATION_FORMAT = "dwarf-with-dsym";
				ENABLE_NS_ASSERTIONS = NO;
				ENABLE_STRICT_OBJC_MSGSEND = YES;
				GCC_C_LANGUAGE_STANDARD = gnu11;
				GCC_NO_COMMON_BLOCKS = YES;
				GCC_WARN_64_TO_32_BIT_CONVERSION = YES;
				GCC_WARN_ABOUT_RETURN_TYPE = YES_ERROR;
				GCC_WARN_UNDECLARED_SELECTOR = YES;
				GCC_WARN_UNINITIALIZED_AUTOS = YES_AGGRESSIVE;
				GCC_WARN_UNUSED_FUNCTION = YES;
				GCC_WARN_UNUSED_VARIABLE = YES;
				IPHONEOS_DEPLOYMENT_TARGET = 11.2;
				MTL_ENABLE_DEBUG_INFO = NO;
				SDKROOT = iphoneos;
				SWIFT_OPTIMIZATION_LEVEL = "-Owholemodule";
				VALIDATE_PRODUCT = YES;
			};
			name = Release;
		};
		7BEBAFE91FE8B3BA002EAEB1 /* Debug */ = {
			isa = XCBuildConfiguration;
			buildSettings = {
				ASSETCATALOG_COMPILER_APPICON_NAME = AppIcon;
				CODE_SIGN_STYLE = Automatic;
				DEVELOPMENT_TEAM = M993KE8Y7Q;
				INFOPLIST_FILE = core_animation/Info.plist;
				LD_RUNPATH_SEARCH_PATHS = "$(inherited) @executable_path/Frameworks";
				PRODUCT_BUNDLE_IDENTIFIER = "com.geek.Dice.core-animation";
				PRODUCT_NAME = "$(TARGET_NAME)";
				SWIFT_VERSION = 4.0;
				TARGETED_DEVICE_FAMILY = "1,2";
			};
			name = Debug;
		};
		7BEBAFEA1FE8B3BA002EAEB1 /* Release */ = {
			isa = XCBuildConfiguration;
			buildSettings = {
				ASSETCATALOG_COMPILER_APPICON_NAME = AppIcon;
				CODE_SIGN_STYLE = Automatic;
				DEVELOPMENT_TEAM = M993KE8Y7Q;
				INFOPLIST_FILE = core_animation/Info.plist;
				LD_RUNPATH_SEARCH_PATHS = "$(inherited) @executable_path/Frameworks";
				PRODUCT_BUNDLE_IDENTIFIER = "com.geek.Dice.core-animation";
				PRODUCT_NAME = "$(TARGET_NAME)";
				SWIFT_VERSION = 4.0;
				TARGETED_DEVICE_FAMILY = "1,2";
			};
			name = Release;
		};
/* End XCBuildConfiguration section */

/* Begin XCConfigurationList section */
		7BEBAFD11FE8B3BA002EAEB1 /* Build configuration list for PBXProject "core_animation" */ = {
			isa = XCConfigurationList;
			buildConfigurations = (
				7BEBAFE61FE8B3BA002EAEB1 /* Debug */,
				7BEBAFE71FE8B3BA002EAEB1 /* Release */,
			);
			defaultConfigurationIsVisible = 0;
			defaultConfigurationName = Release;
		};
		7BEBAFE81FE8B3BA002EAEB1 /* Build configuration list for PBXNativeTarget "core_animation" */ = {
			isa = XCConfigurationList;
			buildConfigurations = (
				7BEBAFE91FE8B3BA002EAEB1 /* Debug */,
				7BEBAFEA1FE8B3BA002EAEB1 /* Release */,
			);
			defaultConfigurationIsVisible = 0;
			defaultConfigurationName = Release;
		};
/* End XCConfigurationList section */
	};
	rootObject = 7BEBAFCE1FE8B3BA002EAEB1 /* Project object */;
}
